
Microsoft Visual Studio Solution File, Format Version 12.00
# Visual Studio Version 16
VisualStudioVersion = 16.0.34031.81
MinimumVisualStudioVersion = 10.0.40219.1
Project("{8BC9CEB8-8B4A-11D0-8D11-00A0C91BC942}") = "Project8.1string", "Project8.1string\Project8.1string.vcxproj", "{F24C115B-2EA1-4D42-A2CE-53774F91EBD3}"
EndProject
Project("{8BC9CEB8-8B4A-11D0-8D11-00A0C91BC942}") = "UnitTest8.1string", "UnitTest8.1string\UnitTest8.1string.vcxproj", "{DD7734F3-ABFA-4C7D-8438-3E462AE679FE}"
EndProject
Global
	GlobalSection(SolutionConfigurationPlatforms) = preSolution
		Debug|x64 = Debug|x64
		Debug|x86 = Debug|x86
		Release|x64 = Release|x64
		Release|x86 = Release|x86
	EndGlobalSection
	GlobalSection(ProjectConfigurationPlatforms) = postSolution
		{F24C115B-2EA1-4D42-A2CE-53774F91EBD3}.Debug|x64.ActiveCfg = Debug|x64
		{F24C115B-2EA1-4D42-A2CE-53774F91EBD3}.Debug|x64.Build.0 = Debug|x64
		{F24C115B-2EA1-4D42-A2CE-53774F91EBD3}.Debug|x86.ActiveCfg = Debug|Win32
		{F24C115B-2EA1-4D42-A2CE-53774F91EBD3}.Debug|x86.Build.0 = Debug|Win32
		{F24C115B-2EA1-4D42-A2CE-53774F91EBD3}.Release|x64.ActiveCfg = Release|x64
		{F24C115B-2EA1-4D42-A2CE-53774F91EBD3}.Release|x64.Build.0 = Release|x64
		{F24C115B-2EA1-4D42-A2CE-53774F91EBD3}.Release|x86.ActiveCfg = Release|Win32
		{F24C115B-2EA1-4D42-A2CE-53774F91EBD3}.Release|x86.Build.0 = Release|Win32
		{DD7734F3-ABFA-4C7D-8438-3E462AE679FE}.Debug|x64.ActiveCfg = Debug|x64
		{DD7734F3-ABFA-4C7D-8438-3E462AE679FE}.Debug|x64.Build.0 = Debug|x64
		{DD7734F3-ABFA-4C7D-8438-3E462AE679FE}.Debug|x86.ActiveCfg = Debug|Win32
		{DD7734F3-ABFA-4C7D-8438-3E462AE679FE}.Debug|x86.Build.0 = Debug|Win32
		{DD7734F3-ABFA-4C7D-8438-3E462AE679FE}.Release|x64.ActiveCfg = Release|x64
		{DD7734F3-ABFA-4C7D-8438-3E462AE679FE}.Release|x64.Build.0 = Release|x64
		{DD7734F3-ABFA-4C7D-8438-3E462AE679FE}.Release|x86.ActiveCfg = Release|Win32
		{DD7734F3-ABFA-4C7D-8438-3E462AE679FE}.Release|x86.Build.0 = Release|Win32
	EndGlobalSection
	GlobalSection(SolutionProperties) = preSolution
		HideSolutionNode = FALSE
	EndGlobalSection
	GlobalSection(ExtensibilityGlobals) = postSolution
		SolutionGuid = {F684269E-BDDB-43F1-B381-7CCA571682BD}
	EndGlobalSection
EndGlobal
